<?xml version="1.0" encoding="utf-8"?>
<Project ToolsVersion="4.0" xmlns="http://schemas.microsoft.com/developer/msbuild/2003">
  <ItemGroup>
    <Filter Include="Build">
      <UniqueIdentifier>{254bfe2e-4a46-460f-a396-e27de8797411}</UniqueIdentifier>
    </Filter>
    <Filter Include="Core">
      <UniqueIdentifier>{b1a61519-4897-4a17-a714-421de52055be}</UniqueIdentifier>
    </Filter>
    <Filter Include="Core\Properties">
      <UniqueIdentifier>{cad30078-4810-4961-ac4f-3fdd76f3b13e}</UniqueIdentifier>
    </Filter>
    <Filter Include="Core\GX">
      <UniqueIdentifier>{2099ce52-42f6-4cad-989d-8f84da81bb2a}</UniqueIdentifier>
    </Filter>
    <Filter Include="ux">
      <UniqueIdentifier>{6c71e6d3-60d0-4325-914d-27e712213e5d}</UniqueIdentifier>
    </Filter>
    <Filter Include="ux\NestedViewport">
      <UniqueIdentifier>{4a71714f-bd64-457c-97ae-92ecb5c3aebe}</UniqueIdentifier>
    </Filter>
    <Filter Include="ux\ColorField">
      <UniqueIdentifier>{9c75bcbd-ad62-4699-8877-c9a263eb6d17}</UniqueIdentifier>
    </Filter>
    <Filter Include="ux\Form">
      <UniqueIdentifier>{5245dd07-dd0c-4c62-8a56-dd291a0a513a}</UniqueIdentifier>
    </Filter>
    <Filter Include="ux\Format">
      <UniqueIdentifier>{4abe66c0-5cb0-4c39-8ad9-2108b7d956f1}</UniqueIdentifier>
    </Filter>
    <Filter Include="resources">
      <UniqueIdentifier>{6cde11bd-81a2-42f4-9d55-2719aabd062f}</UniqueIdentifier>
    </Filter>
    <Filter Include="resources\css">
      <UniqueIdentifier>{f7b2310e-7e2e-4720-af9f-a9f3893faa85}</UniqueIdentifier>
    </Filter>
    <Filter Include="Docs">
      <UniqueIdentifier>{15e06cd6-5f7b-4471-9cab-a8ebadb0811c}</UniqueIdentifier>
    </Filter>
    <Filter Include="Controls">
      <UniqueIdentifier>{3fed1cd3-b3bb-4252-baae-9db54a6e50fe}</UniqueIdentifier>
    </Filter>
    <Filter Include="Controls\Panel">
      <UniqueIdentifier>{639cf479-e735-4840-bcf1-9470b236ff1f}</UniqueIdentifier>
    </Filter>
    <Filter Include="Controls\Panel\Design">
      <UniqueIdentifier>{a1bc4cdb-d71a-447c-8bea-a37726aaca49}</UniqueIdentifier>
    </Filter>
    <Filter Include="Controls\EventObject">
      <UniqueIdentifier>{680fc78e-5b54-4489-bebd-1fb7a37ca3d2}</UniqueIdentifier>
    </Filter>
    <Filter Include="Controls\EventObject\design">
      <UniqueIdentifier>{6fb97ed7-2331-4e14-9106-82261f6098c1}</UniqueIdentifier>
    </Filter>
    <Filter Include="Controls\GridExtension">
      <UniqueIdentifier>{6fd89b20-f875-4041-bce4-3ef8054aed3c}</UniqueIdentifier>
    </Filter>
    <Filter Include="Controls\GridExtension\design">
      <UniqueIdentifier>{bba149b4-9a99-436e-9cba-4825252145de}</UniqueIdentifier>
    </Filter>
    <Filter Include="Controls\KeyMap">
      <UniqueIdentifier>{0072aff5-f82c-4582-b50d-3acebd981346}</UniqueIdentifier>
    </Filter>
    <Filter Include="Controls\KeyMap\design">
      <UniqueIdentifier>{4f2598ca-2be6-428a-b19b-ef40aa857d9b}</UniqueIdentifier>
    </Filter>
    <Filter Include="Controls\Layout">
      <UniqueIdentifier>{7bd69583-c44b-4875-8f6e-266adc4cb61c}</UniqueIdentifier>
    </Filter>
    <Filter Include="Controls\Layout\design">
      <UniqueIdentifier>{e6006e89-f208-4245-bf70-7ea87e9e8600}</UniqueIdentifier>
    </Filter>
    <Filter Include="Controls\Menu">
      <UniqueIdentifier>{a0cb7292-1cb0-4edf-88e5-86dc69be3258}</UniqueIdentifier>
    </Filter>
    <Filter Include="Controls\Menu\design">
      <UniqueIdentifier>{6644d1d8-058e-4860-b962-f1e8daf5e9ad}</UniqueIdentifier>
    </Filter>
    <Filter Include="Controls\Message">
      <UniqueIdentifier>{6b93b4b4-400e-462f-8273-383e4303647d}</UniqueIdentifier>
    </Filter>
    <Filter Include="Controls\Message\design">
      <UniqueIdentifier>{e44b9840-0478-472e-9289-4d2b21f98369}</UniqueIdentifier>
    </Filter>
    <Filter Include="Controls\Settings">
      <UniqueIdentifier>{0918820b-17c2-4b1e-a3bb-3f2c116bc00b}</UniqueIdentifier>
    </Filter>
    <Filter Include="Controls\Settings\design">
      <UniqueIdentifier>{1c571b31-9004-4f42-90d2-0ad7fa88d28f}</UniqueIdentifier>
    </Filter>
    <Filter Include="Controls\TabPanel">
      <UniqueIdentifier>{0e8a253e-cafc-47fb-92f4-ae8a7214cc48}</UniqueIdentifier>
    </Filter>
    <Filter Include="Controls\TabPanel\design">
      <UniqueIdentifier>{a8a1f335-148b-4fd4-bd86-419718d4801e}</UniqueIdentifier>
    </Filter>
    <Filter Include="Controls\Toolbar">
      <UniqueIdentifier>{bb3f24ec-27f1-412c-bab1-855c0e45a670}</UniqueIdentifier>
    </Filter>
    <Filter Include="Controls\Toolbar\design">
      <UniqueIdentifier>{aa3c8027-7c9e-4fff-9315-4b1c271eb85d}</UniqueIdentifier>
    </Filter>
    <Filter Include="Controls\Treeview">
      <UniqueIdentifier>{b5f9d15f-e5ea-4542-8cff-cc4ee4709c12}</UniqueIdentifier>
    </Filter>
    <Filter Include="Controls\Treeview\design">
      <UniqueIdentifier>{9abaa2b2-cb5a-4d42-8886-839cffa7ffc9}</UniqueIdentifier>
    </Filter>
    <Filter Include="Controls\Viewport">
      <UniqueIdentifier>{e34f2ea5-9a4e-409c-809c-0d798c9fa000}</UniqueIdentifier>
    </Filter>
    <Filter Include="Controls\Viewport\design">
      <UniqueIdentifier>{e66d266a-7e90-43ab-8be5-88d10d431df4}</UniqueIdentifier>
    </Filter>
    <Filter Include="ux\GridAutowidth">
      <UniqueIdentifier>{47a1cc7e-c767-429e-b6d4-2041d8781293}</UniqueIdentifier>
    </Filter>
    <Filter Include="ux\grid">
      <UniqueIdentifier>{5e8be515-2107-48cd-80d8-f8e1dbcfc372}</UniqueIdentifier>
    </Filter>
    <Filter Include="ux\HttpProvider">
      <UniqueIdentifier>{eee71033-79bd-481a-8856-78e925aadfa6}</UniqueIdentifier>
    </Filter>
    <Filter Include="Controls\Splash">
      <UniqueIdentifier>{884e6acb-3612-4958-a058-cffcfe1af2ee}</UniqueIdentifier>
    </Filter>
    <Filter Include="Controls\Splash\design">
      <UniqueIdentifier>{30405e2b-f115-43f5-8400-215a59bec2ed}</UniqueIdentifier>
    </Filter>
  </ItemGroup>
  <ItemGroup>
    <None Include="BuildAndUpdate.bat">
      <Filter>Build</Filter>
    </None>
    <None Include="BuildBatch.bat">
      <Filter>Build</Filter>
    </None>
    <None Include="gxui.msbuild">
      <Filter>Build</Filter>
    </None>
    <None Include="UpdateGX.bat">
      <Filter>Build</Filter>
    </None>
    <None Include="UpdateKB.bat">
      <Filter>Build</Filter>
    </None>
    <None Include="..\..\core\gxui.ext.FloatingDropTarget.js">
      <Filter>Core</Filter>
    </None>
    <None Include="..\..\core\gxui.ext.LayoutManager.js">
      <Filter>Core</Filter>
    </None>
    <None Include="..\..\core\gxui.ext.Portal.js">
      <Filter>Core</Filter>
    </None>
    <None Include="..\..\core\gxui.ext.Portlet.js">
      <Filter>Core</Filter>
    </None>
    <None Include="..\..\core\gxui.js">
      <Filter>Core</Filter>
    </None>
    <None Include="..\..\core\gxui.SimpleCache.js">
      <Filter>Core</Filter>
    </None>
    <None Include="..\..\core\gxui.UserControl.js">
      <Filter>Core</Filter>
    </None>
    <None Include="..\..\core\Properties\gxui.Properties.Object.js">
      <Filter>Core\Properties</Filter>
    </None>
    <None Include="..\..\core\Properties\gxui.Properties.ObjectDefsRepository.js">
      <Filter>Core\Properties</Filter>
    </None>
    <None Include="..\..\core\Properties\gxui.Properties.ObjectsRepository.js">
      <Filter>Core\Properties</Filter>
    </None>
    <None Include="..\..\core\GX\gxui.GX.WebComponent.js">
      <Filter>Core\GX</Filter>
    </None>
    <None Include="..\..\Controls\Panel.control">
      <Filter>Controls\Panel</Filter>
    </None>
    <None Include="..\..\Controls\Panel\PanelRender.js">
      <Filter>Controls\Panel</Filter>
    </None>
    <None Include="..\..\Controls\Panel\design\panel-title-light-bg.gif">
      <Filter>Controls\Panel\Design</Filter>
    </None>
    <None Include="..\..\Controls\Panel\design\panel.ico">
      <Filter>Controls\Panel\Design</Filter>
    </None>
    <None Include="..\..\Controls\Panel\design\PanelProperties.xml">
      <Filter>Controls\Panel\Design</Filter>
    </None>
    <None Include="..\..\Controls\Panel\design\PanelRender.xsl">
      <Filter>Controls\Panel\Design</Filter>
    </None>
    <None Include="..\..\Controls\Treeview.control">
      <Filter>Controls\Treeview</Filter>
    </None>
    <None Include="..\..\Controls\Treeview\TreeviewRender.js">
      <Filter>Controls\Treeview</Filter>
    </None>
    <None Include="..\..\Controls\Treeview\design\treeview.gif">
      <Filter>Controls\Treeview\design</Filter>
    </None>
    <None Include="..\..\Controls\Treeview\design\treeview.ico">
      <Filter>Controls\Treeview\design</Filter>
    </None>
    <None Include="..\..\Controls\Treeview\design\TreeviewProperties.xml">
      <Filter>Controls\Treeview\design</Filter>
    </None>
    <None Include="..\..\Controls\Treeview\design\TreeviewRender.xsl">
      <Filter>Controls\Treeview\design</Filter>
    </None>
    <None Include="..\..\Controls\Settings.control">
      <Filter>Controls\Settings</Filter>
    </None>
    <None Include="..\..\Controls\Settings\SettingsRender.js">
      <Filter>Controls\Settings</Filter>
    </None>
    <None Include="..\..\Controls\Settings\design\settings.ico">
      <Filter>Controls\Settings\design</Filter>
    </None>
    <None Include="..\..\Controls\Settings\design\settings.png">
      <Filter>Controls\Settings\design</Filter>
    </None>
    <None Include="..\..\Controls\Settings\design\SettingsProperties.xml">
      <Filter>Controls\Settings\design</Filter>
    </None>
    <None Include="..\..\Controls\Settings\design\SettingsRender.xsl">
      <Filter>Controls\Settings\design</Filter>
    </None>
    <None Include="..\..\Controls\Toolbar.control">
      <Filter>Controls\Toolbar</Filter>
    </None>
    <None Include="..\..\Controls\Toolbar\toolbar.css">
      <Filter>Controls\Toolbar</Filter>
    </None>
    <None Include="..\..\Controls\Toolbar\ToolbarRender.js">
      <Filter>Controls\Toolbar</Filter>
    </None>
    <None Include="..\..\Controls\Toolbar\design\toolbar.bmp">
      <Filter>Controls\Toolbar\design</Filter>
    </None>
    <None Include="..\..\Controls\Toolbar\design\toolbar.ico">
      <Filter>Controls\Toolbar\design</Filter>
    </None>
    <None Include="..\..\Controls\Toolbar\design\ToolbarProperties.xml">
      <Filter>Controls\Toolbar\design</Filter>
    </None>
    <None Include="..\..\Controls\Toolbar\design\ToolbarRender.xsl">
      <Filter>Controls\Toolbar\design</Filter>
    </None>
    <None Include="..\..\Controls\TabPanel.control">
      <Filter>Controls\TabPanel</Filter>
    </None>
    <None Include="..\..\Controls\TabPanel\TabPanelRender.js">
      <Filter>Controls\TabPanel</Filter>
    </None>
    <None Include="..\..\Controls\TabPanel\design\add.gif">
      <Filter>Controls\TabPanel\design</Filter>
    </None>
    <None Include="..\..\Controls\TabPanel\design\panel-title-bg.gif">
      <Filter>Controls\TabPanel\design</Filter>
    </None>
    <None Include="..\..\Controls\TabPanel\design\panel-title-light-bg.gif">
      <Filter>Controls\TabPanel\design</Filter>
    </None>
    <None Include="..\..\Controls\TabPanel\design\tab-close-on.gif">
      <Filter>Controls\TabPanel\design</Filter>
    </None>
    <None Include="..\..\Controls\TabPanel\design\tab-unselected.gif">
      <Filter>Controls\TabPanel\design</Filter>
    </None>
    <None Include="..\..\Controls\TabPanel\design\tabpanel.ico">
      <Filter>Controls\TabPanel\design</Filter>
    </None>
    <None Include="..\..\Controls\TabPanel\design\TabPanel.xpz">
      <Filter>Controls\TabPanel\design</Filter>
    </None>
    <None Include="..\..\Controls\TabPanel\design\TabPanelProperties.xml">
      <Filter>Controls\TabPanel\design</Filter>
    </None>
    <None Include="..\..\Controls\TabPanel\design\TabPanelRender.xsl">
      <Filter>Controls\TabPanel\design</Filter>
    </None>
    <None Include="..\..\Controls\Layout.control">
      <Filter>Controls\Layout</Filter>
    </None>
    <None Include="..\..\Controls\Layout\LayoutRender.js">
      <Filter>Controls\Layout</Filter>
    </None>
    <None Include="..\..\Controls\Layout\design\layout.ico">
      <Filter>Controls\Layout\design</Filter>
    </None>
    <None Include="..\..\Controls\Layout\design\LayoutProperties.xml">
      <Filter>Controls\Layout\design</Filter>
    </None>
    <None Include="..\..\Controls\Layout\design\LayoutRender.xsl">
      <Filter>Controls\Layout\design</Filter>
    </None>
    <None Include="..\..\ux\NestedViewport\NestedViewport.css">
      <Filter>ux\NestedViewport</Filter>
    </None>
    <None Include="..\..\ux\NestedViewport\NestedViewport.js">
      <Filter>ux\NestedViewport</Filter>
    </None>
    <None Include="..\..\ux\ColorPicker\colorfield.js">
      <Filter>ux\ColorField</Filter>
    </None>
    <None Include="..\..\ux\form\DateTime.js">
      <Filter>ux\Form</Filter>
    </None>
    <None Include="..\..\ux\format\format.js">
      <Filter>ux\Format</Filter>
    </None>
    <None Include="..\..\resources\css\gxui.css">
      <Filter>resources\css</Filter>
    </None>
    <None Include="..\..\Controls\GridExtension\ColumnRenderers.js">
      <Filter>Controls\GridExtension</Filter>
    </None>
    <None Include="..\..\Controls\GridExtension\DragDrop.js">
      <Filter>Controls\GridExtension</Filter>
    </None>
    <None Include="..\..\Controls\GridExtension.control">
      <Filter>Controls\GridExtension</Filter>
    </None>
    <None Include="..\..\Controls\GridExtension\GridExtension.js">
      <Filter>Controls\GridExtension</Filter>
    </None>
    <None Include="..\..\Controls\GridExtension\design\GridExtensionColumnProperties.xml">
      <Filter>Controls\GridExtension\design</Filter>
    </None>
    <None Include="..\..\Controls\GridExtension\design\GridExtensionProperties.xml">
      <Filter>Controls\GridExtension\design</Filter>
    </None>
    <None Include="..\..\Controls\Viewport.control">
      <Filter>Controls\Viewport</Filter>
    </None>
    <None Include="..\..\Controls\Viewport\ViewportRender.js">
      <Filter>Controls\Viewport</Filter>
    </None>
    <None Include="..\..\Controls\Viewport\design\viewport.ico">
      <Filter>Controls\Viewport\design</Filter>
    </None>
    <None Include="..\..\Controls\Viewport\design\ViewportProperties.xml">
      <Filter>Controls\Viewport\design</Filter>
    </None>
    <None Include="..\..\Controls\Viewport\design\ViewportRender.xsl">
      <Filter>Controls\Viewport\design</Filter>
    </None>
    <None Include="..\..\Controls\Message.control">
      <Filter>Controls\Message</Filter>
    </None>
    <None Include="..\..\Controls\Message\MessageRender.js">
      <Filter>Controls\Message</Filter>
    </None>
    <None Include="..\..\Controls\Message\design\message.ico">
      <Filter>Controls\Message\design</Filter>
    </None>
    <None Include="..\..\Controls\Message\design\message.png">
      <Filter>Controls\Message\design</Filter>
    </None>
    <None Include="..\..\Controls\Message\design\MessageProperties.xml">
      <Filter>Controls\Message\design</Filter>
    </None>
    <None Include="..\..\Controls\Message\design\MessageRender.xsl">
      <Filter>Controls\Message\design</Filter>
    </None>
    <None Include="..\..\Controls\Menu.control">
      <Filter>Controls\Menu</Filter>
    </None>
    <None Include="..\..\Controls\Menu\MenuRender.js">
      <Filter>Controls\Menu</Filter>
    </None>
    <None Include="..\..\Controls\Menu\design\menu.bmp">
      <Filter>Controls\Menu\design</Filter>
    </None>
    <None Include="..\..\Controls\Menu\design\menu.ico">
      <Filter>Controls\Menu\design</Filter>
    </None>
    <None Include="..\..\Controls\Menu\design\menu.xpz">
      <Filter>Controls\Menu\design</Filter>
    </None>
    <None Include="..\..\Controls\Menu\design\MenuProperties.xml">
      <Filter>Controls\Menu\design</Filter>
    </None>
    <None Include="..\..\Controls\Menu\design\MenuRender.xsl">
      <Filter>Controls\Menu\design</Filter>
    </None>
    <None Include="..\..\Controls\EventObject.control">
      <Filter>Controls\EventObject</Filter>
    </None>
    <None Include="..\..\Controls\EventObject\EventObjectRender.js">
      <Filter>Controls\EventObject</Filter>
    </None>
    <None Include="..\..\Controls\EventObject\design\EventObject.ico">
      <Filter>Controls\EventObject\design</Filter>
    </None>
    <None Include="..\..\Controls\EventObject\design\EventObject.png">
      <Filter>Controls\EventObject\design</Filter>
    </None>
    <None Include="..\..\Controls\EventObject\design\EventObjectProperties.xml">
      <Filter>Controls\EventObject\design</Filter>
    </None>
    <None Include="..\..\Controls\EventObject\design\EventObjectRender.xsl">
      <Filter>Controls\EventObject\design</Filter>
    </None>
    <None Include="..\..\Controls\KeyMap.control">
      <Filter>Controls\KeyMap</Filter>
    </None>
    <None Include="..\..\Controls\KeyMap\KeyMapRender.js">
      <Filter>Controls\KeyMap</Filter>
    </None>
    <None Include="..\..\Controls\KeyMap\design\KeyMap.ico">
      <Filter>Controls\KeyMap\design</Filter>
    </None>
    <None Include="..\..\Controls\KeyMap\design\KeyMap.png">
      <Filter>Controls\KeyMap\design</Filter>
    </None>
    <None Include="..\..\Controls\KeyMap\design\KeyMapProperties.xml">
      <Filter>Controls\KeyMap\design</Filter>
    </None>
    <None Include="..\..\Controls\KeyMap\design\KeyMapRender.xsl">
      <Filter>Controls\KeyMap\design</Filter>
    </None>
    <None Include="..\..\gxui.jsb">
      <Filter>Build</Filter>
    </None>
    <None Include="..\..\ux\GridAutowidth\AutoWidthColumns.js">
      <Filter>ux\GridAutowidth</Filter>
    </None>
    <None Include="..\..\ux\GridAutowidth\AutoWidther.js">
      <Filter>ux\GridAutowidth</Filter>
    </None>
    <None Include="..\..\docs\JSDuckProperties.xslt">
      <Filter>Docs</Filter>
    </None>
    <None Include="..\..\docs\Properties.xslt">
      <Filter>Docs</Filter>
    </None>
    <None Include="..\..\ux\grid\CheckColumn.js">
      <Filter>ux\grid</Filter>
    </None>
    <None Include="..\..\ux\grid\CheckHeader.css">
      <Filter>ux\grid</Filter>
    </None>
    <None Include="..\..\ux\grid\RadioSelectionModel.js">
      <Filter>ux\grid</Filter>
    </None>
    <None Include="..\..\ux\grid\SmartCheckboxSelectionModel.js">
      <Filter>ux\grid</Filter>
    </None>
    <None Include="..\..\ux\HttpProvider\Ext.ux.HttpProvider.js">
      <Filter>ux\HttpProvider</Filter>
    </None>
    <None Include="..\..\Controls\Splash\SplashRender.js">
      <Filter>Controls\Splash</Filter>
    </None>
    <None Include="..\..\Controls\Splash.control">
      <Filter>Controls\Splash</Filter>
    </None>
    <None Include="..\..\Controls\Splash\design\splash.ico">
      <Filter>Controls\Splash\design</Filter>
    </None>
    <None Include="..\..\Controls\Splash\design\SplashProperties.xml">
      <Filter>Controls\Splash\design</Filter>
    </None>
    <None Include="..\..\Controls\Splash\design\SplashRender.xsl">
      <Filter>Controls\Splash\design</Filter>
    </None>
    <None Include="..\..\Controls\Splash\splash.css">
      <Filter>Controls\Splash</Filter>
    </None>
    <None Include="..\..\Controls\Toolbar\design\toolbar.xml">
      <Filter>Controls\Toolbar\design</Filter>
    </None>
    <None Include="..\..\Controls\Settings\design\Settings.xml">
      <Filter>Controls\Settings\design</Filter>
    </None>
    <None Include="..\..\core\no-ext.js">
      <Filter>Core</Filter>
    </None>
    <None Include="..\..\docs\categories.js">
      <Filter>Docs</Filter>
    </None>
  </ItemGroup>
</Project>